
Microsoft Visual Studio Solution File, Format Version 12.00
# Visual Studio 14
VisualStudioVersion = 14.0.23107.0
MinimumVisualStudioVersion = 10.0.40219.1
Project("{FAE04EC0-301F-11D3-BF4B-00C04F79EFBC}") = "Dulle.Education.Server", "Dulle.Education.Server\Dulle.Education.Server.csproj", "{5AAC0549-FD64-4E13-B571-39BA67D77102}"
EndProject
Project("{FAE04EC0-301F-11D3-BF4B-00C04F79EFBC}") = "Dulle.Education.Client", "Dulle.Education.Client\Dulle.Education.Client.csproj", "{6F43B7C6-B190-4D67-A95D-36AD6770F3F2}"
EndProject
Project("{FAE04EC0-301F-11D3-BF4B-00C04F79EFBC}") = "Dulle.Education.Model", "Dulle.Education.Model\Dulle.Education.Model.csproj", "{80C3B2DF-A67E-4FB8-AC01-9F4EF8A58B76}"
EndProject
Global
	GlobalSection(SolutionConfigurationPlatforms) = preSolution
		Debug|Any CPU = Debug|Any CPU
		Release|Any CPU = Release|Any CPU
	EndGlobalSection
	GlobalSection(ProjectConfigurationPlatforms) = postSolution
		{5AAC0549-FD64-4E13-B571-39BA67D77102}.Debug|Any CPU.ActiveCfg = Debug|Any CPU
		{5AAC0549-FD64-4E13-B571-39BA67D77102}.Debug|Any CPU.Build.0 = Debug|Any CPU
		{5AAC0549-FD64-4E13-B571-39BA67D77102}.Release|Any CPU.ActiveCfg = Release|Any CPU
		{5AAC0549-FD64-4E13-B571-39BA67D77102}.Release|Any CPU.Build.0 = Release|Any CPU
		{6F43B7C6-B190-4D67-A95D-36AD6770F3F2}.Debug|Any CPU.ActiveCfg = Debug|Any CPU
		{6F43B7C6-B190-4D67-A95D-36AD6770F3F2}.Debug|Any CPU.Build.0 = Debug|Any CPU
		{6F43B7C6-B190-4D67-A95D-36AD6770F3F2}.Release|Any CPU.ActiveCfg = Release|Any CPU
		{6F43B7C6-B190-4D67-A95D-36AD6770F3F2}.Release|Any CPU.Build.0 = Release|Any CPU
		{80C3B2DF-A67E-4FB8-AC01-9F4EF8A58B76}.Debug|Any CPU.ActiveCfg = Debug|Any CPU
		{80C3B2DF-A67E-4FB8-AC01-9F4EF8A58B76}.Debug|Any CPU.Build.0 = Debug|Any CPU
		{80C3B2DF-A67E-4FB8-AC01-9F4EF8A58B76}.Release|Any CPU.ActiveCfg = Release|Any CPU
		{80C3B2DF-A67E-4FB8-AC01-9F4EF8A58B76}.Release|Any CPU.Build.0 = Release|Any CPU
	EndGlobalSection
	GlobalSection(SolutionProperties) = preSolution
		HideSolutionNode = FALSE
	EndGlobalSection
EndGlobal
